// !$*UTF8*$!
{
	archiveVersion = 1;
	classes = {
	};
	objectVersion = 46;
	objects = {

/* Begin PBXBuildFile section */
		522189321AE6C86700643F2A /* AppDelegate.swift in Sources */ = {isa = PBXBuildFile; fileRef = 522189311AE6C86700643F2A /* AppDelegate.swift */; };
		522189341AE6C86700643F2A /* ViewController.swift in Sources */ = {isa = PBXBuildFile; fileRef = 522189331AE6C86700643F2A /* ViewController.swift */; };
		522189371AE6C86700643F2A /* Main.storyboard in Resources */ = {isa = PBXBuildFile; fileRef = 522189351AE6C86700643F2A /* Main.storyboard */; };
		522189391AE6C86700643F2A /* Images.xcassets in Resources */ = {isa = PBXBuildFile; fileRef = 522189381AE6C86700643F2A /* Images.xcassets */; };
		5221893C1AE6C86700643F2A /* LaunchScreen.xib in Resources */ = {isa = PBXBuildFile; fileRef = 5221893A1AE6C86700643F2A /* LaunchScreen.xib */; };
		522189481AE6C86700643F2A /* SwiftMultipeerConnectivityTemplateTests.swift in Sources */ = {isa = PBXBuildFile; fileRef = 522189471AE6C86700643F2A /* SwiftMultipeerConnectivityTemplateTests.swift */; };
/* End PBXBuildFile section */

/* Begin PBXContainerItemProxy section */
		522189421AE6C86700643F2A /* PBXContainerItemProxy */ = {
			isa = PBXContainerItemProxy;
			containerPortal = 522189241AE6C86700643F2A /* Project object */;
			proxyType = 1;
			remoteGlobalIDString = 5221892B1AE6C86700643F2A;
			remoteInfo = SwiftMultipeerConnectivityTemplate;
		};
/* End PBXContainerItemProxy section */

/* Begin PBXFileReference section */
		5221892C1AE6C86700643F2A /* SwiftMultipeerConnectivityTemplate.app */ = {isa = PBXFileReference; explicitFileType = wrapper.application; includeInIndex = 0; path = SwiftMultipeerConnectivityTemplate.app; sourceTree = BUILT_PRODUCTS_DIR; };
		522189301AE6C86700643F2A /* Info.plist */ = {isa = PBXFileReference; lastKnownFileType = text.plist.xml; path = Info.plist; sourceTree = "<group>"; };
		522189311AE6C86700643F2A /* AppDelegate.swift */ = {isa = PBXFileReference; lastKnownFileType = sourcecode.swift; path = AppDelegate.swift; sourceTree = "<group>"; };
		522189331AE6C86700643F2A /* ViewController.swift */ = {isa = PBXFileReference; lastKnownFileType = sourcecode.swift; path = ViewController.swift; sourceTree = "<group>"; };
		522189361AE6C86700643F2A /* Base */ = {isa = PBXFileReference; lastKnownFileType = file.storyboard; name = Base; path = Base.lproj/Main.storyboard; sourceTree = "<group>"; };
		522189381AE6C86700643F2A /* Images.xcassets */ = {isa = PBXFileReference; lastKnownFileType = folder.assetcatalog; path = Images.xcassets; sourceTree = "<group>"; };
		5221893B1AE6C86700643F2A /* Base */ = {isa = PBXFileReference; lastKnownFileType = file.xib; name = Base; path = Base.lproj/LaunchScreen.xib; sourceTree = "<group>"; };
		522189411AE6C86700643F2A /* SwiftMultipeerConnectivityTemplateTests.xctest */ = {isa = PBXFileReference; explicitFileType = wrapper.cfbundle; includeInIndex = 0; path = SwiftMultipeerConnectivityTemplateTests.xctest; sourceTree = BUILT_PRODUCTS_DIR; };
		522189461AE6C86700643F2A /* Info.plist */ = {isa = PBXFileReference; lastKnownFileType = text.plist.xml; path = Info.plist; sourceTree = "<group>"; };
		522189471AE6C86700643F2A /* SwiftMultipeerConnectivityTemplateTests.swift */ = {isa = PBXFileReference; lastKnownFileType = sourcecode.swift; path = SwiftMultipeerConnectivityTemplateTests.swift; sourceTree = "<group>"; };
/* End PBXFileReference section */

/* Begin PBXFrameworksBuildPhase section */
		522189291AE6C86700643F2A /* Frameworks */ = {
			isa = PBXFrameworksBuildPhase;
			buildActionMask = 2147483647;
			files = (
			);
			runOnlyForDeploymentPostprocessing = 0;
		};
		5221893E1AE6C86700643F2A /* Frameworks */ = {
			isa = PBXFrameworksBuildPhase;
			buildActionMask = 2147483647;
			files = (
			);
			runOnlyForDeploymentPostprocessing = 0;
		};
/* End PBXFrameworksBuildPhase section */

/* Begin PBXGroup section */
		522189231AE6C86700643F2A = {
			isa = PBXGroup;
			children = (
				5221892E1AE6C86700643F2A /* SwiftMultipeerConnectivityTemplate */,
				522189441AE6C86700643F2A /* SwiftMultipeerConnectivityTemplateTests */,
				5221892D1AE6C86700643F2A /* Products */,
			);
			sourceTree = "<group>";
		};
		5221892D1AE6C86700643F2A /* Products */ = {
			isa = PBXGroup;
			children = (
				5221892C1AE6C86700643F2A /* SwiftMultipeerConnectivityTemplate.app */,
				522189411AE6C86700643F2A /* SwiftMultipeerConnectivityTemplateTests.xctest */,
			);
			name = Products;
			sourceTree = "<group>";
		};
		5221892E1AE6C86700643F2A /* SwiftMultipeerConnectivityTemplate */ = {
			isa = PBXGroup;
			children = (
				522189311AE6C86700643F2A /* AppDelegate.swift */,
				522189331AE6C86700643F2A /* ViewController.swift */,
				522189351AE6C86700643F2A /* Main.storyboard */,
				522189381AE6C86700643F2A /* Images.xcassets */,
				5221893A1AE6C86700643F2A /* LaunchScreen.xib */,
				5221892F1AE6C86700643F2A /* Supporting Files */,
			);
			path = SwiftMultipeerConnectivityTemplate;
			sourceTree = "<group>";
		};
		5221892F1AE6C86700643F2A /* Supporting Files */ = {
			isa = PBXGroup;
			children = (
				522189301AE6C86700643F2A /* Info.plist */,
			);
			name = "Supporting Files";
			sourceTree = "<group>";
		};
		522189441AE6C86700643F2A /* SwiftMultipeerConnectivityTemplateTests */ = {
			isa = PBXGroup;
			children = (
				522189471AE6C86700643F2A /* SwiftMultipeerConnectivityTemplateTests.swift */,
				522189451AE6C86700643F2A /* Supporting Files */,
			);
			path = SwiftMultipeerConnectivityTemplateTests;
			sourceTree = "<group>";
		};
		522189451AE6C86700643F2A /* Supporting Files */ = {
			isa = PBXGroup;
			children = (
				522189461AE6C86700643F2A /* Info.plist */,
			);
			name = "Supporting Files";
			sourceTree = "<group>";
		};
/* End PBXGroup section */

/* Begin PBXNativeTarget section */
		5221892B1AE6C86700643F2A /* SwiftMultipeerConnectivityTemplate */ = {
			isa = PBXNativeTarget;
			buildConfigurationList = 5221894B1AE6C86700643F2A /* Build configuration list for PBXNativeTarget "SwiftMultipeerConnectivityTemplate" */;
			buildPhases = (
				522189281AE6C86700643F2A /* Sources */,
				522189291AE6C86700643F2A /* Frameworks */,
				5221892A1AE6C86700643F2A /* Resources */,
			);
			buildRules = (
			);
			dependencies = (
			);
			name = SwiftMultipeerConnectivityTemplate;
			productName = SwiftMultipeerConnectivityTemplate;
			productReference = 5221892C1AE6C86700643F2A /* SwiftMultipeerConnectivityTemplate.app */;
			productType = "com.apple.product-type.application";
		};
		522189401AE6C86700643F2A /* SwiftMultipeerConnectivityTemplateTests */ = {
			isa = PBXNativeTarget;
			buildConfigurationList = 5221894E1AE6C86700643F2A /* Build configuration list for PBXNativeTarget "SwiftMultipeerConnectivityTemplateTests" */;
			buildPhases = (
				5221893D1AE6C86700643F2A /* Sources */,
				5221893E1AE6C86700643F2A /* Frameworks */,
				5221893F1AE6C86700643F2A /* Resources */,
			);
			buildRules = (
			);
			dependencies = (
				522189431AE6C86700643F2A /* PBXTargetDependency */,
			);
			name = SwiftMultipeerConnectivityTemplateTests;
			productName = SwiftMultipeerConnectivityTemplateTests;
			productReference = 522189411AE6C86700643F2A /* SwiftMultipeerConnectivityTemplateTests.xctest */;
			productType = "com.apple.product-type.bundle.unit-test";
		};
/* End PBXNativeTarget section */

/* Begin PBXProject section */
		522189241AE6C86700643F2A /* Project object */ = {
			isa = PBXProject;
			attributes = {
				LastUpgradeCheck = 0630;
				ORGANIZATIONNAME = "Audio Y";
				TargetAttributes = {
					5221892B1AE6C86700643F2A = {
						CreatedOnToolsVersion = 6.3;
					};
					522189401AE6C86700643F2A = {
						CreatedOnToolsVersion = 6.3;
						TestTargetID = 5221892B1AE6C86700643F2A;
					};
				};
			};
			buildConfigurationList = 522189271AE6C86700643F2A /* Build configuration list for PBXProject "SwiftMultipeerConnectivityTemplate" */;
			compatibilityVersion = "Xcode 3.2";
			developmentRegion = English;
			hasScannedForEncodings = 0;
			knownRegions = (
				en,
				Base,
			);
			mainGroup = 522189231AE6C86700643F2A;
			productRefGroup = 5221892D1AE6C86700643F2A /* Products */;
			projectDirPath = "";
			projectRoot = "";
			targets = (
				5221892B1AE6C86700643F2A /* SwiftMultipeerConnectivityTemplate */,
				522189401AE6C86700643F2A /* SwiftMultipeerConnectivityTemplateTests */,
			);
		};
/* End PBXProject section */

/* Begin PBXResourcesBuildPhase section */
		5221892A1AE6C86700643F2A /* Resources */ = {
			isa = PBXResourcesBuildPhase;
			buildActionMask = 2147483647;
			files = (
				522189371AE6C86700643F2A /* Main.storyboard in Resources */,
				5221893C1AE6C86700643F2A /* LaunchScreen.xib in Resources */,
				522189391AE6C86700643F2A /* Images.xcassets in Resources */,
			);
			runOnlyForDeploymentPostprocessing = 0;
		};
		5221893F1AE6C86700643F2A /* Resources */ = {
			isa = PBXResourcesBuildPhase;
			buildActionMask = 2147483647;
			files = (
			);
			runOnlyForDeploymentPostprocessing = 0;
		};
/* End PBXResourcesBuildPhase section */

/* Begin PBXSourcesBuildPhase section */
		522189281AE6C86700643F2A /* Sources */ = {
			isa = PBXSourcesBuildPhase;
			buildActionMask = 2147483647;
			files = (
				522189341AE6C86700643F2A /* ViewController.swift in Sources */,
				522189321AE6C86700643F2A /* AppDelegate.swift in Sources */,
			);
			runOnlyForDeploymentPostprocessing = 0;
		};
		5221893D1AE6C86700643F2A /* Sources */ = {
			isa = PBXSourcesBuildPhase;
			buildActionMask = 2147483647;
			files = (
				522189481AE6C86700643F2A /* SwiftMultipeerConnectivityTemplateTests.swift in Sources */,
			);
			runOnlyForDeploymentPostprocessing = 0;
		};
/* End PBXSourcesBuildPhase section */

/* Begin PBXTargetDependency section */
		522189431AE6C86700643F2A /* PBXTargetDependency */ = {
			isa = PBXTargetDependency;
			target = 5221892B1AE6C86700643F2A /* SwiftMultipeerConnectivityTemplate */;
			targetProxy = 522189421AE6C86700643F2A /* PBXContainerItemProxy */;
		};
/* End PBXTargetDependency section */

/* Begin PBXVariantGroup section */
		522189351AE6C86700643F2A /* Main.storyboard */ = {
			isa = PBXVariantGroup;
			children = (
				522189361AE6C86700643F2A /* Base */,
			);
			name = Main.storyboard;
			sourceTree = "<group>";
		};
		5221893A1AE6C86700643F2A /* LaunchScreen.xib */ = {
			isa = PBXVariantGroup;
			children = (
				5221893B1AE6C86700643F2A /* Base */,
			);
			name = LaunchScreen.xib;
			sourceTree = "<group>";
		};
/* End PBXVariantGroup section */

/* Begin XCBuildConfiguration section */
		522189491AE6C86700643F2A /* Debug */ = {
			isa = XCBuildConfiguration;
			buildSettings = {
				ALWAYS_SEARCH_USER_PATHS = NO;
				CLANG_CXX_LANGUAGE_STANDARD = "gnu++0x";
				CLANG_CXX_LIBRARY = "libc++";
				CLANG_ENABLE_MODULES = YES;
				CLANG_ENABLE_OBJC_ARC = YES;
				CLANG_WARN_BOOL_CONVERSION = YES;
				CLANG_WARN_CONSTANT_CONVERSION = YES;
				CLANG_WARN_DIRECT_OBJC_ISA_USAGE = YES_ERROR;
				CLANG_WARN_EMPTY_BODY = YES;
				CLANG_WARN_ENUM_CONVERSION = YES;
				CLANG_WARN_INT_CONVERSION = YES;
				CLANG_WARN_OBJC_ROOT_CLASS = YES_ERROR;
				CLANG_WARN_UNREACHABLE_CODE = YES;
				CLANG_WARN__DUPLICATE_METHOD_MATCH = YES;
				"CODE_SIGN_IDENTITY[sdk=iphoneos*]" = "iPhone Developer";
				COPY_PHASE_STRIP = NO;
				DEBUG_INFORMATION_FORMAT = "dwarf-with-dsym";
				ENABLE_STRICT_OBJC_MSGSEND = YES;
				GCC_C_LANGUAGE_STANDARD = gnu99;
				GCC_DYNAMIC_NO_PIC = NO;
				GCC_NO_COMMON_BLOCKS = YES;
				GCC_OPTIMIZATION_LEVEL = 0;
				GCC_PREPROCESSOR_DEFINITIONS = (
					"DEBUG=1",
					"$(inherited)",
				);
				GCC_SYMBOLS_PRIVATE_EXTERN = NO;
				GCC_WARN_64_TO_32_BIT_CONVERSION = YES;
				GCC_WARN_ABOUT_RETURN_TYPE = YES_ERROR;
				GCC_WARN_UNDECLARED_SELECTOR = YES;
				GCC_WARN_UNINITIALIZED_AUTOS = YES_AGGRESSIVE;
				GCC_WARN_UNUSED_FUNCTION = YES;
				GCC_WARN_UNUSED_VARIABLE = YES;
				IPHONEOS_DEPLOYMENT_TARGET = 8.3;
				MTL_ENABLE_DEBUG_INFO = YES;
				ONLY_ACTIVE_ARCH = YES;
				SDKROOT = iphoneos;
				SWIFT_OPTIMIZATION_LEVEL = "-Onone";
			};
			name = Debug;
		};
		5221894A1AE6C86700643F2A /* Release */ = {
			isa = XCBuildConfiguration;
			buildSettings = {
				ALWAYS_SEARCH_USER_PATHS = NO;
				CLANG_CXX_LANGUAGE_STANDARD = "gnu++0x";
				CLANG_CXX_LIBRARY = "libc++";
				CLANG_ENABLE_MODULES = YES;
				CLANG_ENABLE_OBJC_ARC = YES;
				CLANG_WARN_BOOL_CONVERSION = YES;
				CLANG_WARN_CONSTANT_CONVERSION = YES;
				CLANG_WARN_DIRECT_OBJC_ISA_USAGE = YES_ERROR;
				CLANG_WARN_EMPTY_BODY = YES;
				CLANG_WARN_ENUM_CONVERSION = YES;
				CLANG_WARN_INT_CONVERSION = YES;
				CLANG_WARN_OBJC_ROOT_CLASS = YES_ERROR;
				CLANG_WARN_UNREACHABLE_CODE = YES;
				CLANG_WARN__DUPLICATE_METHOD_MATCH = YES;
				"CODE_SIGN_IDENTITY[sdk=iphoneos*]" = "iPhone Developer";
				COPY_PHASE_STRIP = NO;
				DEBUG_INFORMATION_FORMAT = "dwarf-with-dsym";
				ENABLE_NS_ASSERTIONS = NO;
				ENABLE_STRICT_OBJC_MSGSEND = YES;
				GCC_C_LANGUAGE_STANDARD = gnu99;
				GCC_NO_COMMON_BLOCKS = YES;
				GCC_WARN_64_TO_32_BIT_CONVERSION = YES;
				GCC_WARN_ABOUT_RETURN_TYPE = YES_ERROR;
				GCC_WARN_UNDECLARED_SELECTOR = YES;
				GCC_WARN_UNINITIALIZED_AUTOS = YES_AGGRESSIVE;
				GCC_WARN_UNUSED_FUNCTION = YES;
				GCC_WARN_UNUSED_VARIABLE = YES;
				IPHONEOS_DEPLOYMENT_TARGET = 8.3;
				MTL_ENABLE_DEBUG_INFO = NO;
				SDKROOT = iphoneos;
				VALIDATE_PRODUCT = YES;
			};
			name = Release;
		};
		5221894C1AE6C86700643F2A /* Debug */ = {
			isa = XCBuildConfiguration;
			buildSettings = {
				ASSETCATALOG_COMPILER_APPICON_NAME = AppIcon;
				INFOPLIST_FILE = SwiftMultipeerConnectivityTemplate/Info.plist;
				LD_RUNPATH_SEARCH_PATHS = "$(inherited) @executable_path/Frameworks";
				PRODUCT_NAME = "$(TARGET_NAME)";
			};
			name = Debug;
		};
		5221894D1AE6C86700643F2A /* Release */ = {
			isa = XCBuildConfiguration;
			buildSettings = {
				ASSETCATALOG_COMPILER_APPICON_NAME = AppIcon;
				INFOPLIST_FILE = SwiftMultipeerConnectivityTemplate/Info.plist;
				LD_RUNPATH_SEARCH_PATHS = "$(inherited) @executable_path/Frameworks";
				PRODUCT_NAME = "$(TARGET_NAME)";
			};
			name = Release;
		};
		5221894F1AE6C86700643F2A /* Debug */ = {
			isa = XCBuildConfiguration;
			buildSettings = {
				BUNDLE_LOADER = "$(TEST_HOST)";
				FRAMEWORK_SEARCH_PATHS = (
					"$(SDKROOT)/Developer/Library/Frameworks",
					"$(inherited)",
				);
				GCC_PREPROCESSOR_DEFINITIONS = (
					"DEBUG=1",
					"$(inherited)",
				);
				INFOPLIST_FILE = SwiftMultipeerConnectivityTemplateTests/Info.plist;
				LD_RUNPATH_SEARCH_PATHS = "$(inherited) @executable_path/Frameworks @loader_path/Frameworks";
				PRODUCT_NAME = "$(TARGET_NAME)";
				TEST_HOST = "$(BUILT_PRODUCTS_DIR)/SwiftMultipeerConnectivityTemplate.app/SwiftMultipeerConnectivityTemplate";
			};
			name = Debug;
		};
		522189501AE6C86700643F2A /* Release */ = {
			isa = XCBuildConfiguration;
			buildSettings = {
				BUNDLE_LOADER = "$(TEST_HOST)";
				FRAMEWORK_SEARCH_PATHS = (
					"$(SDKROOT)/Developer/Library/Frameworks",
					"$(inherited)",
				);
				INFOPLIST_FILE = SwiftMultipeerConnectivityTemplateTests/Info.plist;
				LD_RUNPATH_SEARCH_PATHS = "$(inherited) @executable_path/Frameworks @loader_path/Frameworks";
				PRODUCT_NAME = "$(TARGET_NAME)";
				TEST_HOST = "$(BUILT_PRODUCTS_DIR)/SwiftMultipeerConnectivityTemplate.app/SwiftMultipeerConnectivityTemplate";
			};
			name = Release;
		};
/* End XCBuildConfiguration section */

/* Begin XCConfigurationList section */
		522189271AE6C86700643F2A /* Build configuration list for PBXProject "SwiftMultipeerConnectivityTemplate" */ = {
			isa = XCConfigurationList;
			buildConfigurations = (
				522189491AE6C86700643F2A /* Debug */,
				5221894A1AE6C86700643F2A /* Release */,
			);
			defaultConfigurationIsVisible = 0;
			defaultConfigurationName = Release;
		};
		5221894B1AE6C86700643F2A /* Build configuration list for PBXNativeTarget "SwiftMultipeerConnectivityTemplate" */ = {
			isa = XCConfigurationList;
			buildConfigurations = (
				5221894C1AE6C86700643F2A /* Debug */,
				5221894D1AE6C86700643F2A /* Release */,
			);
			defaultConfigurationIsVisible = 0;
		};
		5221894E1AE6C86700643F2A /* Build configuration list for PBXNativeTarget "SwiftMultipeerConnectivityTemplateTests" */ = {
			isa = XCConfigurationList;
			buildConfigurations = (
				5221894F1AE6C86700643F2A /* Debug */,
				522189501AE6C86700643F2A /* Release */,
			);
			defaultConfigurationIsVisible = 0;
		};
/* End XCConfigurationList section */
	};
	rootObject = 522189241AE6C86700643F2A /* Project object */;
}
